
Microsoft Visual Studio Solution File, Format Version 12.00
# Visual Studio Version 16
VisualStudioVersion = 16.0.30225.117
MinimumVisualStudioVersion = 10.0.40219.1
Project("{FAE04EC0-301F-11D3-BF4B-00C04F79EFBC}") = "BankAccountSystem", "BankAccountSystem\BankAccountSystem.csproj", "{A787FCEB-34A7-4508-8024-C24B17852DCF}"
EndProject
Global
	GlobalSection(SolutionConfigurationPlatforms) = preSolution
		Debug|Any CPU = Debug|Any CPU
		Release|Any CPU = Release|Any CPU
	EndGlobalSection
	GlobalSection(ProjectConfigurationPlatforms) = postSolution
		{A787FCEB-34A7-4508-8024-C24B17852DCF}.Debug|Any CPU.ActiveCfg = Debug|Any CPU
		{A787FCEB-34A7-4508-8024-C24B17852DCF}.Debug|Any CPU.Build.0 = Debug|Any CPU
		{A787FCEB-34A7-4508-8024-C24B17852DCF}.Release|Any CPU.ActiveCfg = Release|Any CPU
		{A787FCEB-34A7-4508-8024-C24B17852DCF}.Release|Any CPU.Build.0 = Release|Any CPU
	EndGlobalSection
	GlobalSection(SolutionProperties) = preSolution
		HideSolutionNode = FALSE
	EndGlobalSection
	GlobalSection(ExtensibilityGlobals) = postSolution
		SolutionGuid = {AA7DD1DA-056A-41D5-84A5-B53EEFDF076D}
	EndGlobalSection
EndGlobal
